// !$*UTF8*$!
{
	archiveVersion = 1;
	classes = {
	};
	objectVersion = 46;
	objects = {

/* Begin PBXBuildFile section */
		27280365169AC6780014811B /* UIView+Akurana.m in Sources */ = {isa = PBXBuildFile; fileRef = 27280364169AC6780014811B /* UIView+Akurana.m */; };
		27280369169AC6AB0014811B /* NSDate+Akurana.m in Sources */ = {isa = PBXBuildFile; fileRef = 27280368169AC6AB0014811B /* NSDate+Akurana.m */; };
		2728036C169AC7240014811B /* UIButton+Akurana.m in Sources */ = {isa = PBXBuildFile; fileRef = 2728036B169AC7240014811B /* UIButton+Akurana.m */; };
		2728036F169AC7A60014811B /* UIApplication+Akurana.m in Sources */ = {isa = PBXBuildFile; fileRef = 2728036E169AC7A60014811B /* UIApplication+Akurana.m */; };
		272B8CC9169ABDBA00DBF54D /* NSObject+Akurana.m in Sources */ = {isa = PBXBuildFile; fileRef = 272B8CC8169ABDBA00DBF54D /* NSObject+Akurana.m */; };
		272B8CCC169AC00100DBF54D /* NSString+Akurana.m in Sources */ = {isa = PBXBuildFile; fileRef = 272B8CCB169AC00100DBF54D /* NSString+Akurana.m */; };
		272B8CCF169AC18600DBF54D /* UIColor+Akurana.m in Sources */ = {isa = PBXBuildFile; fileRef = 272B8CCE169AC18600DBF54D /* UIColor+Akurana.m */; };
		272B8CD2169AC22300DBF54D /* UIImage+Akurana.m in Sources */ = {isa = PBXBuildFile; fileRef = 272B8CD1169AC22300DBF54D /* UIImage+Akurana.m */; };
		272B8CD5169AC2C000DBF54D /* UIImageView+Akurana.m in Sources */ = {isa = PBXBuildFile; fileRef = 272B8CD4169AC2BF00DBF54D /* UIImageView+Akurana.m */; };
		272B8CD8169AC49E00DBF54D /* UINavigationController+Akurana.m in Sources */ = {isa = PBXBuildFile; fileRef = 272B8CD7169AC49E00DBF54D /* UINavigationController+Akurana.m */; };
		272B8CDB169AC5B600DBF54D /* UIToolbar+Akurana.m in Sources */ = {isa = PBXBuildFile; fileRef = 272B8CDA169AC5B600DBF54D /* UIToolbar+Akurana.m */; };
		27E5A76B16969723008CE289 /* Foundation.framework in Frameworks */ = {isa = PBXBuildFile; fileRef = 27E5A76A16969723008CE289 /* Foundation.framework */; };
		27E5A77016969723008CE289 /* Akurana.h in CopyFiles */ = {isa = PBXBuildFile; fileRef = 27E5A76F16969723008CE289 /* Akurana.h */; };
/* End PBXBuildFile section */

/* Begin PBXCopyFilesBuildPhase section */
		27E5A76516969723008CE289 /* CopyFiles */ = {
			isa = PBXCopyFilesBuildPhase;
			buildActionMask = 2147483647;
			dstPath = "include/${PRODUCT_NAME}";
			dstSubfolderSpec = 16;
			files = (
				27E5A77016969723008CE289 /* Akurana.h in CopyFiles */,
			);
			runOnlyForDeploymentPostprocessing = 0;
		};
/* End PBXCopyFilesBuildPhase section */

/* Begin PBXFileReference section */
		27280363169AC6780014811B /* UIView+Akurana.h */ = {isa = PBXFileReference; fileEncoding = 4; lastKnownFileType = sourcecode.c.h; path = "UIView+Akurana.h"; sourceTree = "<group>"; };
		27280364169AC6780014811B /* UIView+Akurana.m */ = {isa = PBXFileReference; fileEncoding = 4; lastKnownFileType = sourcecode.c.objc; path = "UIView+Akurana.m"; sourceTree = "<group>"; };
		27280367169AC6AB0014811B /* NSDate+Akurana.h */ = {isa = PBXFileReference; fileEncoding = 4; lastKnownFileType = sourcecode.c.h; path = "NSDate+Akurana.h"; sourceTree = "<group>"; };
		27280368169AC6AB0014811B /* NSDate+Akurana.m */ = {isa = PBXFileReference; fileEncoding = 4; lastKnownFileType = sourcecode.c.objc; path = "NSDate+Akurana.m"; sourceTree = "<group>"; };
		2728036A169AC7240014811B /* UIButton+Akurana.h */ = {isa = PBXFileReference; fileEncoding = 4; lastKnownFileType = sourcecode.c.h; path = "UIButton+Akurana.h"; sourceTree = "<group>"; };
		2728036B169AC7240014811B /* UIButton+Akurana.m */ = {isa = PBXFileReference; fileEncoding = 4; lastKnownFileType = sourcecode.c.objc; path = "UIButton+Akurana.m"; sourceTree = "<group>"; };
		2728036D169AC7A60014811B /* UIApplication+Akurana.h */ = {isa = PBXFileReference; fileEncoding = 4; lastKnownFileType = sourcecode.c.h; path = "UIApplication+Akurana.h"; sourceTree = "<group>"; };
		2728036E169AC7A60014811B /* UIApplication+Akurana.m */ = {isa = PBXFileReference; fileEncoding = 4; lastKnownFileType = sourcecode.c.objc; path = "UIApplication+Akurana.m"; sourceTree = "<group>"; };
		272B8CC7169ABDBA00DBF54D /* NSObject+Akurana.h */ = {isa = PBXFileReference; fileEncoding = 4; lastKnownFileType = sourcecode.c.h; path = "NSObject+Akurana.h"; sourceTree = "<group>"; };
		272B8CC8169ABDBA00DBF54D /* NSObject+Akurana.m */ = {isa = PBXFileReference; fileEncoding = 4; lastKnownFileType = sourcecode.c.objc; path = "NSObject+Akurana.m"; sourceTree = "<group>"; };
		272B8CCA169AC00100DBF54D /* NSString+Akurana.h */ = {isa = PBXFileReference; fileEncoding = 4; lastKnownFileType = sourcecode.c.h; path = "NSString+Akurana.h"; sourceTree = "<group>"; };
		272B8CCB169AC00100DBF54D /* NSString+Akurana.m */ = {isa = PBXFileReference; fileEncoding = 4; lastKnownFileType = sourcecode.c.objc; path = "NSString+Akurana.m"; sourceTree = "<group>"; };
		272B8CCD169AC18600DBF54D /* UIColor+Akurana.h */ = {isa = PBXFileReference; fileEncoding = 4; lastKnownFileType = sourcecode.c.h; path = "UIColor+Akurana.h"; sourceTree = "<group>"; };
		272B8CCE169AC18600DBF54D /* UIColor+Akurana.m */ = {isa = PBXFileReference; fileEncoding = 4; lastKnownFileType = sourcecode.c.objc; path = "UIColor+Akurana.m"; sourceTree = "<group>"; };
		272B8CD0169AC22300DBF54D /* UIImage+Akurana.h */ = {isa = PBXFileReference; fileEncoding = 4; lastKnownFileType = sourcecode.c.h; path = "UIImage+Akurana.h"; sourceTree = "<group>"; };
		272B8CD1169AC22300DBF54D /* UIImage+Akurana.m */ = {isa = PBXFileReference; fileEncoding = 4; lastKnownFileType = sourcecode.c.objc; path = "UIImage+Akurana.m"; sourceTree = "<group>"; };
		272B8CD3169AC2BF00DBF54D /* UIImageView+Akurana.h */ = {isa = PBXFileReference; fileEncoding = 4; lastKnownFileType = sourcecode.c.h; path = "UIImageView+Akurana.h"; sourceTree = "<group>"; };
		272B8CD4169AC2BF00DBF54D /* UIImageView+Akurana.m */ = {isa = PBXFileReference; fileEncoding = 4; lastKnownFileType = sourcecode.c.objc; path = "UIImageView+Akurana.m"; sourceTree = "<group>"; };
		272B8CD6169AC49E00DBF54D /* UINavigationController+Akurana.h */ = {isa = PBXFileReference; fileEncoding = 4; lastKnownFileType = sourcecode.c.h; path = "UINavigationController+Akurana.h"; sourceTree = "<group>"; };
		272B8CD7169AC49E00DBF54D /* UINavigationController+Akurana.m */ = {isa = PBXFileReference; fileEncoding = 4; lastKnownFileType = sourcecode.c.objc; path = "UINavigationController+Akurana.m"; sourceTree = "<group>"; };
		272B8CD9169AC5B600DBF54D /* UIToolbar+Akurana.h */ = {isa = PBXFileReference; fileEncoding = 4; lastKnownFileType = sourcecode.c.h; path = "UIToolbar+Akurana.h"; sourceTree = "<group>"; };
		272B8CDA169AC5B600DBF54D /* UIToolbar+Akurana.m */ = {isa = PBXFileReference; fileEncoding = 4; lastKnownFileType = sourcecode.c.objc; path = "UIToolbar+Akurana.m"; sourceTree = "<group>"; };
		27E5A76716969723008CE289 /* libAkurana.a */ = {isa = PBXFileReference; explicitFileType = archive.ar; includeInIndex = 0; path = libAkurana.a; sourceTree = BUILT_PRODUCTS_DIR; };
		27E5A76A16969723008CE289 /* Foundation.framework */ = {isa = PBXFileReference; lastKnownFileType = wrapper.framework; name = Foundation.framework; path = System/Library/Frameworks/Foundation.framework; sourceTree = SDKROOT; };
		27E5A76E16969723008CE289 /* Akurana-Prefix.pch */ = {isa = PBXFileReference; lastKnownFileType = sourcecode.c.h; path = "Akurana-Prefix.pch"; sourceTree = "<group>"; };
		27E5A76F16969723008CE289 /* Akurana.h */ = {isa = PBXFileReference; lastKnownFileType = sourcecode.c.h; path = Akurana.h; sourceTree = "<group>"; };
/* End PBXFileReference section */

/* Begin PBXFrameworksBuildPhase section */
		27E5A76416969723008CE289 /* Frameworks */ = {
			isa = PBXFrameworksBuildPhase;
			buildActionMask = 2147483647;
			files = (
				27E5A76B16969723008CE289 /* Foundation.framework in Frameworks */,
			);
			runOnlyForDeploymentPostprocessing = 0;
		};
/* End PBXFrameworksBuildPhase section */

/* Begin PBXGroup section */
		272B8CAC169ABBED00DBF54D /* Categories */ = {
			isa = PBXGroup;
			children = (
				272B8CC7169ABDBA00DBF54D /* NSObject+Akurana.h */,
				272B8CC8169ABDBA00DBF54D /* NSObject+Akurana.m */,
				272B8CCA169AC00100DBF54D /* NSString+Akurana.h */,
				272B8CCB169AC00100DBF54D /* NSString+Akurana.m */,
				272B8CCD169AC18600DBF54D /* UIColor+Akurana.h */,
				272B8CCE169AC18600DBF54D /* UIColor+Akurana.m */,
				272B8CD0169AC22300DBF54D /* UIImage+Akurana.h */,
				272B8CD1169AC22300DBF54D /* UIImage+Akurana.m */,
				272B8CD3169AC2BF00DBF54D /* UIImageView+Akurana.h */,
				272B8CD4169AC2BF00DBF54D /* UIImageView+Akurana.m */,
				272B8CD6169AC49E00DBF54D /* UINavigationController+Akurana.h */,
				272B8CD7169AC49E00DBF54D /* UINavigationController+Akurana.m */,
				272B8CD9169AC5B600DBF54D /* UIToolbar+Akurana.h */,
				272B8CDA169AC5B600DBF54D /* UIToolbar+Akurana.m */,
				27280363169AC6780014811B /* UIView+Akurana.h */,
				27280364169AC6780014811B /* UIView+Akurana.m */,
				27280367169AC6AB0014811B /* NSDate+Akurana.h */,
				27280368169AC6AB0014811B /* NSDate+Akurana.m */,
				2728036A169AC7240014811B /* UIButton+Akurana.h */,
				2728036B169AC7240014811B /* UIButton+Akurana.m */,
				2728036D169AC7A60014811B /* UIApplication+Akurana.h */,
				2728036E169AC7A60014811B /* UIApplication+Akurana.m */,
			);
			name = Categories;
			sourceTree = "<group>";
		};
		27E5A75C16969723008CE289 = {
			isa = PBXGroup;
			children = (
				27E5A76C16969723008CE289 /* Akurana */,
				27E5A76916969723008CE289 /* Frameworks */,
				27E5A76816969723008CE289 /* Products */,
			);
			sourceTree = "<group>";
		};
		27E5A76816969723008CE289 /* Products */ = {
			isa = PBXGroup;
			children = (
				27E5A76716969723008CE289 /* libAkurana.a */,
			);
			name = Products;
			sourceTree = "<group>";
		};
		27E5A76916969723008CE289 /* Frameworks */ = {
			isa = PBXGroup;
			children = (
				27E5A76A16969723008CE289 /* Foundation.framework */,
			);
			name = Frameworks;
			sourceTree = "<group>";
		};
		27E5A76C16969723008CE289 /* Akurana */ = {
			isa = PBXGroup;
			children = (
				27E5A76F16969723008CE289 /* Akurana.h */,
				272B8CAC169ABBED00DBF54D /* Categories */,
				27E5A76D16969723008CE289 /* Supporting Files */,
			);
			path = Akurana;
			sourceTree = "<group>";
		};
		27E5A76D16969723008CE289 /* Supporting Files */ = {
			isa = PBXGroup;
			children = (
				27E5A76E16969723008CE289 /* Akurana-Prefix.pch */,
			);
			name = "Supporting Files";
			sourceTree = "<group>";
		};
/* End PBXGroup section */

/* Begin PBXNativeTarget section */
		27E5A76616969723008CE289 /* Akurana */ = {
			isa = PBXNativeTarget;
			buildConfigurationList = 27E5A77516969723008CE289 /* Build configuration list for PBXNativeTarget "Akurana" */;
			buildPhases = (
				27E5A76316969723008CE289 /* Sources */,
				27E5A76416969723008CE289 /* Frameworks */,
				27E5A76516969723008CE289 /* CopyFiles */,
			);
			buildRules = (
			);
			dependencies = (
			);
			name = Akurana;
			productName = Akurana;
			productReference = 27E5A76716969723008CE289 /* libAkurana.a */;
			productType = "com.apple.product-type.library.static";
		};
/* End PBXNativeTarget section */

/* Begin PBXProject section */
		27E5A75E16969723008CE289 /* Project object */ = {
			isa = PBXProject;
			attributes = {
				LastUpgradeCheck = 0450;
				ORGANIZATIONNAME = "Shafraz Buhary";
			};
			buildConfigurationList = 27E5A76116969723008CE289 /* Build configuration list for PBXProject "Akurana" */;
			compatibilityVersion = "Xcode 3.2";
			developmentRegion = English;
			hasScannedForEncodings = 0;
			knownRegions = (
				en,
			);
			mainGroup = 27E5A75C16969723008CE289;
			productRefGroup = 27E5A76816969723008CE289 /* Products */;
			projectDirPath = "";
			projectRoot = "";
			targets = (
				27E5A76616969723008CE289 /* Akurana */,
			);
		};
/* End PBXProject section */

/* Begin PBXSourcesBuildPhase section */
		27E5A76316969723008CE289 /* Sources */ = {
			isa = PBXSourcesBuildPhase;
			buildActionMask = 2147483647;
			files = (
				272B8CC9169ABDBA00DBF54D /* NSObject+Akurana.m in Sources */,
				272B8CCC169AC00100DBF54D /* NSString+Akurana.m in Sources */,
				272B8CCF169AC18600DBF54D /* UIColor+Akurana.m in Sources */,
				272B8CD2169AC22300DBF54D /* UIImage+Akurana.m in Sources */,
				272B8CD5169AC2C000DBF54D /* UIImageView+Akurana.m in Sources */,
				272B8CD8169AC49E00DBF54D /* UINavigationController+Akurana.m in Sources */,
				272B8CDB169AC5B600DBF54D /* UIToolbar+Akurana.m in Sources */,
				27280365169AC6780014811B /* UIView+Akurana.m in Sources */,
				27280369169AC6AB0014811B /* NSDate+Akurana.m in Sources */,
				2728036C169AC7240014811B /* UIButton+Akurana.m in Sources */,
				2728036F169AC7A60014811B /* UIApplication+Akurana.m in Sources */,
			);
			runOnlyForDeploymentPostprocessing = 0;
		};
/* End PBXSourcesBuildPhase section */

/* Begin XCBuildConfiguration section */
		27E5A77316969723008CE289 /* Debug */ = {
			isa = XCBuildConfiguration;
			buildSettings = {
				ALWAYS_SEARCH_USER_PATHS = NO;
				CLANG_CXX_LANGUAGE_STANDARD = "gnu++0x";
				CLANG_CXX_LIBRARY = "libc++";
				CLANG_ENABLE_OBJC_ARC = YES;
				CLANG_WARN_EMPTY_BODY = YES;
				CLANG_WARN__DUPLICATE_METHOD_MATCH = YES;
				COPY_PHASE_STRIP = NO;
				GCC_C_LANGUAGE_STANDARD = gnu99;
				GCC_DYNAMIC_NO_PIC = NO;
				GCC_OPTIMIZATION_LEVEL = 0;
				GCC_PREPROCESSOR_DEFINITIONS = (
					"DEBUG=1",
					"$(inherited)",
				);
				GCC_SYMBOLS_PRIVATE_EXTERN = NO;
				GCC_WARN_ABOUT_RETURN_TYPE = YES;
				GCC_WARN_UNINITIALIZED_AUTOS = YES;
				GCC_WARN_UNUSED_VARIABLE = YES;
				IPHONEOS_DEPLOYMENT_TARGET = 4.3;
				ONLY_ACTIVE_ARCH = YES;
				SDKROOT = iphoneos;
				TARGETED_DEVICE_FAMILY = "1,2";
			};
			name = Debug;
		};
		27E5A77416969723008CE289 /* Release */ = {
			isa = XCBuildConfiguration;
			buildSettings = {
				ALWAYS_SEARCH_USER_PATHS = NO;
				CLANG_CXX_LANGUAGE_STANDARD = "gnu++0x";
				CLANG_CXX_LIBRARY = "libc++";
				CLANG_ENABLE_OBJC_ARC = YES;
				CLANG_WARN_EMPTY_BODY = YES;
				CLANG_WARN__DUPLICATE_METHOD_MATCH = YES;
				COPY_PHASE_STRIP = YES;
				GCC_C_LANGUAGE_STANDARD = gnu99;
				GCC_WARN_ABOUT_RETURN_TYPE = YES;
				GCC_WARN_UNINITIALIZED_AUTOS = YES;
				GCC_WARN_UNUSED_VARIABLE = YES;
				IPHONEOS_DEPLOYMENT_TARGET = 4.3;
				SDKROOT = iphoneos;
				TARGETED_DEVICE_FAMILY = "1,2";
				VALIDATE_PRODUCT = YES;
			};
			name = Release;
		};
		27E5A77616969723008CE289 /* Debug */ = {
			isa = XCBuildConfiguration;
			buildSettings = {
				DSTROOT = /tmp/Akurana.dst;
				GCC_PRECOMPILE_PREFIX_HEADER = YES;
				GCC_PREFIX_HEADER = "Akurana/Akurana-Prefix.pch";
				IPHONEOS_DEPLOYMENT_TARGET = 4.3;
				OTHER_LDFLAGS = "-ObjC";
				PRODUCT_NAME = "$(TARGET_NAME)";
				PUBLIC_HEADERS_FOLDER_PATH = "include/$(TARGET_NAME)";
				SKIP_INSTALL = YES;
			};
			name = Debug;
		};
		27E5A77716969723008CE289 /* Release */ = {
			isa = XCBuildConfiguration;
			buildSettings = {
				DSTROOT = /tmp/Akurana.dst;
				GCC_PRECOMPILE_PREFIX_HEADER = YES;
				GCC_PREFIX_HEADER = "Akurana/Akurana-Prefix.pch";
				IPHONEOS_DEPLOYMENT_TARGET = 4.3;
				OTHER_LDFLAGS = "-ObjC";
				PRODUCT_NAME = "$(TARGET_NAME)";
				PUBLIC_HEADERS_FOLDER_PATH = "include/$(TARGET_NAME)";
				SKIP_INSTALL = YES;
			};
			name = Release;
		};
/* End XCBuildConfiguration section */

/* Begin XCConfigurationList section */
		27E5A76116969723008CE289 /* Build configuration list for PBXProject "Akurana" */ = {
			isa = XCConfigurationList;
			buildConfigurations = (
				27E5A77316969723008CE289 /* Debug */,
				27E5A77416969723008CE289 /* Release */,
			);
			defaultConfigurationIsVisible = 0;
			defaultConfigurationName = Release;
		};
		27E5A77516969723008CE289 /* Build configuration list for PBXNativeTarget "Akurana" */ = {
			isa = XCConfigurationList;
			buildConfigurations = (
				27E5A77616969723008CE289 /* Debug */,
				27E5A77716969723008CE289 /* Release */,
			);
			defaultConfigurationIsVisible = 0;
			defaultConfigurationName = Release;
		};
/* End XCConfigurationList section */
	};
	rootObject = 27E5A75E16969723008CE289 /* Project object */;
}
