// !$*UTF8*$!
{
	archiveVersion = 1;
	classes = {
	};
	objectVersion = 46;
	objects = {

/* Begin PBXBuildFile section */
		27280365169AC6780014811B /* UIView+Akurana.m in Sources */ = {isa = PBXBuildFile; fileRef = 27280364169AC6780014811B /* UIView+Akurana.m */; };
		27280369169AC6AB0014811B /* NSDate+Akurana.m in Sources */ = {isa = PBXBuildFile; fileRef = 27280368169AC6AB0014811B /* NSDate+Akurana.m */; };
		2728036C169AC7240014811B /* UIButton+Akurana.m in Sources */ = {isa = PBXBuildFile; fileRef = 2728036B169AC7240014811B /* UIButton+Akurana.m */; };
		2728036F169AC7A60014811B /* UIApplication+Akurana.m in Sources */ = {isa = PBXBuildFile; fileRef = 2728036E169AC7A60014811B /* UIApplication+Akurana.m */; };
		2728038B169AE7090014811B /* NSObject+Akurana.h in CopyFiles */ = {isa = PBXBuildFile; fileRef = 272B8CC7169ABDBA00DBF54D /* NSObject+Akurana.h */; };
		2728038D169AE7090014811B /* NSString+Akurana.h in CopyFiles */ = {isa = PBXBuildFile; fileRef = 272B8CCA169AC00100DBF54D /* NSString+Akurana.h */; };
		2728038F169AE7090014811B /* UIColor+Akurana.h in CopyFiles */ = {isa = PBXBuildFile; fileRef = 272B8CCD169AC18600DBF54D /* UIColor+Akurana.h */; };
		27280391169AE7090014811B /* UIImage+Akurana.h in CopyFiles */ = {isa = PBXBuildFile; fileRef = 272B8CD0169AC22300DBF54D /* UIImage+Akurana.h */; };
		27280393169AE7090014811B /* UIImageView+Akurana.h in CopyFiles */ = {isa = PBXBuildFile; fileRef = 272B8CD3169AC2BF00DBF54D /* UIImageView+Akurana.h */; };
		27280395169AE7090014811B /* UINavigationController+Akurana.h in CopyFiles */ = {isa = PBXBuildFile; fileRef = 272B8CD6169AC49E00DBF54D /* UINavigationController+Akurana.h */; };
		27280397169AE7090014811B /* UIToolbar+Akurana.h in CopyFiles */ = {isa = PBXBuildFile; fileRef = 272B8CD9169AC5B600DBF54D /* UIToolbar+Akurana.h */; };
		27280399169AE7090014811B /* UIView+Akurana.h in CopyFiles */ = {isa = PBXBuildFile; fileRef = 27280363169AC6780014811B /* UIView+Akurana.h */; };
		2728039B169AE7090014811B /* NSDate+Akurana.h in CopyFiles */ = {isa = PBXBuildFile; fileRef = 27280367169AC6AB0014811B /* NSDate+Akurana.h */; };
		2728039D169AE7090014811B /* UIButton+Akurana.h in CopyFiles */ = {isa = PBXBuildFile; fileRef = 2728036A169AC7240014811B /* UIButton+Akurana.h */; };
		2728039F169AE7090014811B /* UIApplication+Akurana.h in CopyFiles */ = {isa = PBXBuildFile; fileRef = 2728036D169AC7A60014811B /* UIApplication+Akurana.h */; };
		272B8CC9169ABDBA00DBF54D /* NSObject+Akurana.m in Sources */ = {isa = PBXBuildFile; fileRef = 272B8CC8169ABDBA00DBF54D /* NSObject+Akurana.m */; };
		272B8CCC169AC00100DBF54D /* NSString+Akurana.m in Sources */ = {isa = PBXBuildFile; fileRef = 272B8CCB169AC00100DBF54D /* NSString+Akurana.m */; };
		272B8CCF169AC18600DBF54D /* UIColor+Akurana.m in Sources */ = {isa = PBXBuildFile; fileRef = 272B8CCE169AC18600DBF54D /* UIColor+Akurana.m */; };
		272B8CD2169AC22300DBF54D /* UIImage+Akurana.m in Sources */ = {isa = PBXBuildFile; fileRef = 272B8CD1169AC22300DBF54D /* UIImage+Akurana.m */; };
		272B8CD5169AC2C000DBF54D /* UIImageView+Akurana.m in Sources */ = {isa = PBXBuildFile; fileRef = 272B8CD4169AC2BF00DBF54D /* UIImageView+Akurana.m */; };
		272B8CD8169AC49E00DBF54D /* UINavigationController+Akurana.m in Sources */ = {isa = PBXBuildFile; fileRef = 272B8CD7169AC49E00DBF54D /* UINavigationController+Akurana.m */; };
		272B8CDB169AC5B600DBF54D /* UIToolbar+Akurana.m in Sources */ = {isa = PBXBuildFile; fileRef = 272B8CDA169AC5B600DBF54D /* UIToolbar+Akurana.m */; };
		2789E2D616B674FE00CC02C4 /* AKImageEntity.m in Sources */ = {isa = PBXBuildFile; fileRef = 2789E2D516B674FE00CC02C4 /* AKImageEntity.m */; };
		2789E2F516B675FB00CC02C4 /* AKPageView.m in Sources */ = {isa = PBXBuildFile; fileRef = 2789E2D816B675FB00CC02C4 /* AKPageView.m */; };
		2789E30416B6790C00CC02C4 /* AKImageEntity.h in CopyFiles */ = {isa = PBXBuildFile; fileRef = 2789E2D416B674FE00CC02C4 /* AKImageEntity.h */; };
		2789E30516B6790C00CC02C4 /* AKPageView.h in CopyFiles */ = {isa = PBXBuildFile; fileRef = 2789E2D716B675FB00CC02C4 /* AKPageView.h */; };
		2789E30816B6793700CC02C4 /* AKGridView.m in Sources */ = {isa = PBXBuildFile; fileRef = 2789E30716B6793700CC02C4 /* AKGridView.m */; };
		2789E30916B6797000CC02C4 /* AKGridView.h in CopyFiles */ = {isa = PBXBuildFile; fileRef = 2789E30616B6793700CC02C4 /* AKGridView.h */; };
		2789E30C16B6798900CC02C4 /* AKImageView.m in Sources */ = {isa = PBXBuildFile; fileRef = 2789E30B16B6798900CC02C4 /* AKImageView.m */; };
		2789E30F16B679D600CC02C4 /* AKMapAnnotation.m in Sources */ = {isa = PBXBuildFile; fileRef = 2789E30E16B679D600CC02C4 /* AKMapAnnotation.m */; };
		2789E31016B679FC00CC02C4 /* AKImageView.h in CopyFiles */ = {isa = PBXBuildFile; fileRef = 2789E30A16B6798900CC02C4 /* AKImageView.h */; };
		2789E31116B679FC00CC02C4 /* AKMapAnnotation.h in CopyFiles */ = {isa = PBXBuildFile; fileRef = 2789E30D16B679D600CC02C4 /* AKMapAnnotation.h */; };
		2789E31716B67AFF00CC02C4 /* AKHTTPService.m in Sources */ = {isa = PBXBuildFile; fileRef = 2789E31416B67AFF00CC02C4 /* AKHTTPService.m */; };
		2789E31816B67AFF00CC02C4 /* AKRSSFeed.m in Sources */ = {isa = PBXBuildFile; fileRef = 2789E31616B67AFF00CC02C4 /* AKRSSFeed.m */; };
		2789E32816B67B6200CC02C4 /* NSObject+SBJSON.m in Sources */ = {isa = PBXBuildFile; fileRef = 2789E31D16B67B6200CC02C4 /* NSObject+SBJSON.m */; };
		2789E32916B67B6200CC02C4 /* NSString+SBJSON.m in Sources */ = {isa = PBXBuildFile; fileRef = 2789E31F16B67B6200CC02C4 /* NSString+SBJSON.m */; };
		2789E32A16B67B6200CC02C4 /* SBJSON.m in Sources */ = {isa = PBXBuildFile; fileRef = 2789E32116B67B6200CC02C4 /* SBJSON.m */; };
		2789E32B16B67B6200CC02C4 /* SBJsonBase.m in Sources */ = {isa = PBXBuildFile; fileRef = 2789E32316B67B6200CC02C4 /* SBJsonBase.m */; };
		2789E32C16B67B6200CC02C4 /* SBJsonParser.m in Sources */ = {isa = PBXBuildFile; fileRef = 2789E32516B67B6200CC02C4 /* SBJsonParser.m */; };
		2789E32D16B67B6200CC02C4 /* SBJsonWriter.m in Sources */ = {isa = PBXBuildFile; fileRef = 2789E32716B67B6200CC02C4 /* SBJsonWriter.m */; };
		2789E32E16B67BA900CC02C4 /* AKHTTPService.h in CopyFiles */ = {isa = PBXBuildFile; fileRef = 2789E31316B67AFF00CC02C4 /* AKHTTPService.h */; };
		2789E32F16B67BA900CC02C4 /* AKRSSFeed.h in CopyFiles */ = {isa = PBXBuildFile; fileRef = 2789E31516B67AFF00CC02C4 /* AKRSSFeed.h */; };
		2789E34616B67BD100CC02C4 /* AKMoreViewController.m in Sources */ = {isa = PBXBuildFile; fileRef = 2789E33116B67BCC00CC02C4 /* AKMoreViewController.m */; };
		2789E34716B67BD100CC02C4 /* AKRoundButton.m in Sources */ = {isa = PBXBuildFile; fileRef = 2789E33316B67BCC00CC02C4 /* AKRoundButton.m */; };
		2789E34816B67BD100CC02C4 /* AKScrollerbleTextView.m in Sources */ = {isa = PBXBuildFile; fileRef = 2789E33516B67BCD00CC02C4 /* AKScrollerbleTextView.m */; };
		2789E34916B67BD100CC02C4 /* AKTableViewController.m in Sources */ = {isa = PBXBuildFile; fileRef = 2789E33716B67BCD00CC02C4 /* AKTableViewController.m */; };
		2789E34A16B67BD100CC02C4 /* AKTextView.m in Sources */ = {isa = PBXBuildFile; fileRef = 2789E33916B67BCE00CC02C4 /* AKTextView.m */; };
		2789E34B16B67BD100CC02C4 /* AKTheme.m in Sources */ = {isa = PBXBuildFile; fileRef = 2789E33B16B67BCE00CC02C4 /* AKTheme.m */; };
		2789E34C16B67BD100CC02C4 /* AKViewController.m in Sources */ = {isa = PBXBuildFile; fileRef = 2789E33D16B67BCF00CC02C4 /* AKViewController.m */; };
		2789E34D16B67BD100CC02C4 /* AKWebViewController.m in Sources */ = {isa = PBXBuildFile; fileRef = 2789E33F16B67BD000CC02C4 /* AKWebViewController.m */; };
		2789E34E16B67BD100CC02C4 /* AKGridViewController.m in Sources */ = {isa = PBXBuildFile; fileRef = 2789E34116B67BD000CC02C4 /* AKGridViewController.m */; };
		2789E34F16B67BD100CC02C4 /* AKSegmentedController.m in Sources */ = {isa = PBXBuildFile; fileRef = 2789E34316B67BD000CC02C4 /* AKSegmentedController.m */; };
		2789E35016B67BD100CC02C4 /* AKSegmentedButton.m in Sources */ = {isa = PBXBuildFile; fileRef = 2789E34516B67BD100CC02C4 /* AKSegmentedButton.m */; };
		2789E35116B67C1000CC02C4 /* AKMoreViewController.h in CopyFiles */ = {isa = PBXBuildFile; fileRef = 2789E33016B67BCC00CC02C4 /* AKMoreViewController.h */; };
		2789E35216B67C1000CC02C4 /* AKRoundButton.h in CopyFiles */ = {isa = PBXBuildFile; fileRef = 2789E33216B67BCC00CC02C4 /* AKRoundButton.h */; };
		2789E35316B67C1000CC02C4 /* AKScrollerbleTextView.h in CopyFiles */ = {isa = PBXBuildFile; fileRef = 2789E33416B67BCC00CC02C4 /* AKScrollerbleTextView.h */; };
		2789E35416B67C1000CC02C4 /* AKTableViewController.h in CopyFiles */ = {isa = PBXBuildFile; fileRef = 2789E33616B67BCD00CC02C4 /* AKTableViewController.h */; };
		2789E35516B67C1000CC02C4 /* AKTextView.h in CopyFiles */ = {isa = PBXBuildFile; fileRef = 2789E33816B67BCD00CC02C4 /* AKTextView.h */; };
		2789E35616B67C1000CC02C4 /* AKTheme.h in CopyFiles */ = {isa = PBXBuildFile; fileRef = 2789E33A16B67BCE00CC02C4 /* AKTheme.h */; };
		2789E35716B67C1000CC02C4 /* AKViewController.h in CopyFiles */ = {isa = PBXBuildFile; fileRef = 2789E33C16B67BCE00CC02C4 /* AKViewController.h */; };
		2789E35816B67C1000CC02C4 /* AKWebViewController.h in CopyFiles */ = {isa = PBXBuildFile; fileRef = 2789E33E16B67BCF00CC02C4 /* AKWebViewController.h */; };
		2789E35916B67C1000CC02C4 /* AKGridViewController.h in CopyFiles */ = {isa = PBXBuildFile; fileRef = 2789E34016B67BD000CC02C4 /* AKGridViewController.h */; };
		2789E35A16B67C1000CC02C4 /* AKSegmentedController.h in CopyFiles */ = {isa = PBXBuildFile; fileRef = 2789E34216B67BD000CC02C4 /* AKSegmentedController.h */; };
		2789E35B16B67C1000CC02C4 /* AKSegmentedButton.h in CopyFiles */ = {isa = PBXBuildFile; fileRef = 2789E34416B67BD000CC02C4 /* AKSegmentedButton.h */; };
		2789E36116B6801600CC02C4 /* AKAppConfig.m in Sources */ = {isa = PBXBuildFile; fileRef = 2789E35E16B6801400CC02C4 /* AKAppConfig.m */; };
		2789E36216B6801600CC02C4 /* AKAppSandbox.m in Sources */ = {isa = PBXBuildFile; fileRef = 2789E36016B6801500CC02C4 /* AKAppSandbox.m */; };
		2789E36316B6803600CC02C4 /* AKGlobal.h in CopyFiles */ = {isa = PBXBuildFile; fileRef = 2789E35C16B67FDA00CC02C4 /* AKGlobal.h */; };
		2789E36416B6803600CC02C4 /* AKAppConfig.h in CopyFiles */ = {isa = PBXBuildFile; fileRef = 2789E35D16B6801300CC02C4 /* AKAppConfig.h */; };
		2789E36516B6803600CC02C4 /* AKAppSandbox.h in CopyFiles */ = {isa = PBXBuildFile; fileRef = 2789E35F16B6801500CC02C4 /* AKAppSandbox.h */; };
		27E5A76B16969723008CE289 /* Foundation.framework in Frameworks */ = {isa = PBXBuildFile; fileRef = 27E5A76A16969723008CE289 /* Foundation.framework */; };
		27E5A77016969723008CE289 /* Akurana.h in CopyFiles */ = {isa = PBXBuildFile; fileRef = 27E5A76F16969723008CE289 /* Akurana.h */; };
		27E89AFE16C22E0700AA7315 /* AKResource.m in Sources */ = {isa = PBXBuildFile; fileRef = 27E89AFD16C22E0700AA7315 /* AKResource.m */; };
/* End PBXBuildFile section */

/* Begin PBXCopyFilesBuildPhase section */
		27E5A76516969723008CE289 /* CopyFiles */ = {
			isa = PBXCopyFilesBuildPhase;
			buildActionMask = 2147483647;
			dstPath = "include/${PRODUCT_NAME}";
			dstSubfolderSpec = 16;
			files = (
				2789E36316B6803600CC02C4 /* AKGlobal.h in CopyFiles */,
				2789E36416B6803600CC02C4 /* AKAppConfig.h in CopyFiles */,
				2789E36516B6803600CC02C4 /* AKAppSandbox.h in CopyFiles */,
				2789E35116B67C1000CC02C4 /* AKMoreViewController.h in CopyFiles */,
				2789E35216B67C1000CC02C4 /* AKRoundButton.h in CopyFiles */,
				2789E35316B67C1000CC02C4 /* AKScrollerbleTextView.h in CopyFiles */,
				2789E35416B67C1000CC02C4 /* AKTableViewController.h in CopyFiles */,
				2789E35516B67C1000CC02C4 /* AKTextView.h in CopyFiles */,
				2789E35616B67C1000CC02C4 /* AKTheme.h in CopyFiles */,
				2789E35716B67C1000CC02C4 /* AKViewController.h in CopyFiles */,
				2789E35816B67C1000CC02C4 /* AKWebViewController.h in CopyFiles */,
				2789E35916B67C1000CC02C4 /* AKGridViewController.h in CopyFiles */,
				2789E35A16B67C1000CC02C4 /* AKSegmentedController.h in CopyFiles */,
				2789E35B16B67C1000CC02C4 /* AKSegmentedButton.h in CopyFiles */,
				2789E32E16B67BA900CC02C4 /* AKHTTPService.h in CopyFiles */,
				2789E32F16B67BA900CC02C4 /* AKRSSFeed.h in CopyFiles */,
				2789E31016B679FC00CC02C4 /* AKImageView.h in CopyFiles */,
				2789E31116B679FC00CC02C4 /* AKMapAnnotation.h in CopyFiles */,
				2789E30916B6797000CC02C4 /* AKGridView.h in CopyFiles */,
				2789E30416B6790C00CC02C4 /* AKImageEntity.h in CopyFiles */,
				2789E30516B6790C00CC02C4 /* AKPageView.h in CopyFiles */,
				2728038B169AE7090014811B /* NSObject+Akurana.h in CopyFiles */,
				2728038D169AE7090014811B /* NSString+Akurana.h in CopyFiles */,
				2728038F169AE7090014811B /* UIColor+Akurana.h in CopyFiles */,
				27280391169AE7090014811B /* UIImage+Akurana.h in CopyFiles */,
				27280393169AE7090014811B /* UIImageView+Akurana.h in CopyFiles */,
				27280395169AE7090014811B /* UINavigationController+Akurana.h in CopyFiles */,
				27280397169AE7090014811B /* UIToolbar+Akurana.h in CopyFiles */,
				27280399169AE7090014811B /* UIView+Akurana.h in CopyFiles */,
				2728039B169AE7090014811B /* NSDate+Akurana.h in CopyFiles */,
				2728039D169AE7090014811B /* UIButton+Akurana.h in CopyFiles */,
				2728039F169AE7090014811B /* UIApplication+Akurana.h in CopyFiles */,
				27E5A77016969723008CE289 /* Akurana.h in CopyFiles */,
			);
			runOnlyForDeploymentPostprocessing = 0;
		};
/* End PBXCopyFilesBuildPhase section */

/* Begin PBXFileReference section */
		27280363169AC6780014811B /* UIView+Akurana.h */ = {isa = PBXFileReference; fileEncoding = 4; lastKnownFileType = sourcecode.c.h; path = "UIView+Akurana.h"; sourceTree = "<group>"; };
		27280364169AC6780014811B /* UIView+Akurana.m */ = {isa = PBXFileReference; fileEncoding = 4; lastKnownFileType = sourcecode.c.objc; path = "UIView+Akurana.m"; sourceTree = "<group>"; };
		27280367169AC6AB0014811B /* NSDate+Akurana.h */ = {isa = PBXFileReference; fileEncoding = 4; lastKnownFileType = sourcecode.c.h; path = "NSDate+Akurana.h"; sourceTree = "<group>"; };
		27280368169AC6AB0014811B /* NSDate+Akurana.m */ = {isa = PBXFileReference; fileEncoding = 4; lastKnownFileType = sourcecode.c.objc; path = "NSDate+Akurana.m"; sourceTree = "<group>"; };
		2728036A169AC7240014811B /* UIButton+Akurana.h */ = {isa = PBXFileReference; fileEncoding = 4; lastKnownFileType = sourcecode.c.h; path = "UIButton+Akurana.h"; sourceTree = "<group>"; };
		2728036B169AC7240014811B /* UIButton+Akurana.m */ = {isa = PBXFileReference; fileEncoding = 4; lastKnownFileType = sourcecode.c.objc; path = "UIButton+Akurana.m"; sourceTree = "<group>"; };
		2728036D169AC7A60014811B /* UIApplication+Akurana.h */ = {isa = PBXFileReference; fileEncoding = 4; lastKnownFileType = sourcecode.c.h; path = "UIApplication+Akurana.h"; sourceTree = "<group>"; };
		2728036E169AC7A60014811B /* UIApplication+Akurana.m */ = {isa = PBXFileReference; fileEncoding = 4; lastKnownFileType = sourcecode.c.objc; path = "UIApplication+Akurana.m"; sourceTree = "<group>"; };
		272B8CC7169ABDBA00DBF54D /* NSObject+Akurana.h */ = {isa = PBXFileReference; fileEncoding = 4; lastKnownFileType = sourcecode.c.h; path = "NSObject+Akurana.h"; sourceTree = "<group>"; };
		272B8CC8169ABDBA00DBF54D /* NSObject+Akurana.m */ = {isa = PBXFileReference; fileEncoding = 4; lastKnownFileType = sourcecode.c.objc; path = "NSObject+Akurana.m"; sourceTree = "<group>"; };
		272B8CCA169AC00100DBF54D /* NSString+Akurana.h */ = {isa = PBXFileReference; fileEncoding = 4; lastKnownFileType = sourcecode.c.h; path = "NSString+Akurana.h"; sourceTree = "<group>"; };
		272B8CCB169AC00100DBF54D /* NSString+Akurana.m */ = {isa = PBXFileReference; fileEncoding = 4; lastKnownFileType = sourcecode.c.objc; path = "NSString+Akurana.m"; sourceTree = "<group>"; };
		272B8CCD169AC18600DBF54D /* UIColor+Akurana.h */ = {isa = PBXFileReference; fileEncoding = 4; lastKnownFileType = sourcecode.c.h; path = "UIColor+Akurana.h"; sourceTree = "<group>"; };
		272B8CCE169AC18600DBF54D /* UIColor+Akurana.m */ = {isa = PBXFileReference; fileEncoding = 4; lastKnownFileType = sourcecode.c.objc; path = "UIColor+Akurana.m"; sourceTree = "<group>"; };
		272B8CD0169AC22300DBF54D /* UIImage+Akurana.h */ = {isa = PBXFileReference; fileEncoding = 4; lastKnownFileType = sourcecode.c.h; path = "UIImage+Akurana.h"; sourceTree = "<group>"; };
		272B8CD1169AC22300DBF54D /* UIImage+Akurana.m */ = {isa = PBXFileReference; fileEncoding = 4; lastKnownFileType = sourcecode.c.objc; path = "UIImage+Akurana.m"; sourceTree = "<group>"; };
		272B8CD3169AC2BF00DBF54D /* UIImageView+Akurana.h */ = {isa = PBXFileReference; fileEncoding = 4; lastKnownFileType = sourcecode.c.h; path = "UIImageView+Akurana.h"; sourceTree = "<group>"; };
		272B8CD4169AC2BF00DBF54D /* UIImageView+Akurana.m */ = {isa = PBXFileReference; fileEncoding = 4; lastKnownFileType = sourcecode.c.objc; path = "UIImageView+Akurana.m"; sourceTree = "<group>"; };
		272B8CD6169AC49E00DBF54D /* UINavigationController+Akurana.h */ = {isa = PBXFileReference; fileEncoding = 4; lastKnownFileType = sourcecode.c.h; path = "UINavigationController+Akurana.h"; sourceTree = "<group>"; };
		272B8CD7169AC49E00DBF54D /* UINavigationController+Akurana.m */ = {isa = PBXFileReference; fileEncoding = 4; lastKnownFileType = sourcecode.c.objc; path = "UINavigationController+Akurana.m"; sourceTree = "<group>"; };
		272B8CD9169AC5B600DBF54D /* UIToolbar+Akurana.h */ = {isa = PBXFileReference; fileEncoding = 4; lastKnownFileType = sourcecode.c.h; path = "UIToolbar+Akurana.h"; sourceTree = "<group>"; };
		272B8CDA169AC5B600DBF54D /* UIToolbar+Akurana.m */ = {isa = PBXFileReference; fileEncoding = 4; lastKnownFileType = sourcecode.c.objc; path = "UIToolbar+Akurana.m"; sourceTree = "<group>"; };
		2789E2D416B674FE00CC02C4 /* AKImageEntity.h */ = {isa = PBXFileReference; fileEncoding = 4; lastKnownFileType = sourcecode.c.h; path = AKImageEntity.h; sourceTree = "<group>"; };
		2789E2D516B674FE00CC02C4 /* AKImageEntity.m */ = {isa = PBXFileReference; fileEncoding = 4; lastKnownFileType = sourcecode.c.objc; path = AKImageEntity.m; sourceTree = "<group>"; };
		2789E2D716B675FB00CC02C4 /* AKPageView.h */ = {isa = PBXFileReference; fileEncoding = 4; lastKnownFileType = sourcecode.c.h; path = AKPageView.h; sourceTree = "<group>"; };
		2789E2D816B675FB00CC02C4 /* AKPageView.m */ = {isa = PBXFileReference; fileEncoding = 4; lastKnownFileType = sourcecode.c.objc; path = AKPageView.m; sourceTree = "<group>"; };
		2789E30616B6793700CC02C4 /* AKGridView.h */ = {isa = PBXFileReference; fileEncoding = 4; lastKnownFileType = sourcecode.c.h; path = AKGridView.h; sourceTree = "<group>"; };
		2789E30716B6793700CC02C4 /* AKGridView.m */ = {isa = PBXFileReference; fileEncoding = 4; lastKnownFileType = sourcecode.c.objc; path = AKGridView.m; sourceTree = "<group>"; };
		2789E30A16B6798900CC02C4 /* AKImageView.h */ = {isa = PBXFileReference; fileEncoding = 4; lastKnownFileType = sourcecode.c.h; path = AKImageView.h; sourceTree = "<group>"; };
		2789E30B16B6798900CC02C4 /* AKImageView.m */ = {isa = PBXFileReference; fileEncoding = 4; lastKnownFileType = sourcecode.c.objc; path = AKImageView.m; sourceTree = "<group>"; };
		2789E30D16B679D600CC02C4 /* AKMapAnnotation.h */ = {isa = PBXFileReference; fileEncoding = 4; lastKnownFileType = sourcecode.c.h; path = AKMapAnnotation.h; sourceTree = "<group>"; };
		2789E30E16B679D600CC02C4 /* AKMapAnnotation.m */ = {isa = PBXFileReference; fileEncoding = 4; lastKnownFileType = sourcecode.c.objc; path = AKMapAnnotation.m; sourceTree = "<group>"; };
		2789E31316B67AFF00CC02C4 /* AKHTTPService.h */ = {isa = PBXFileReference; fileEncoding = 4; lastKnownFileType = sourcecode.c.h; path = AKHTTPService.h; sourceTree = "<group>"; };
		2789E31416B67AFF00CC02C4 /* AKHTTPService.m */ = {isa = PBXFileReference; fileEncoding = 4; lastKnownFileType = sourcecode.c.objc; path = AKHTTPService.m; sourceTree = "<group>"; };
		2789E31516B67AFF00CC02C4 /* AKRSSFeed.h */ = {isa = PBXFileReference; fileEncoding = 4; lastKnownFileType = sourcecode.c.h; path = AKRSSFeed.h; sourceTree = "<group>"; };
		2789E31616B67AFF00CC02C4 /* AKRSSFeed.m */ = {isa = PBXFileReference; fileEncoding = 4; lastKnownFileType = sourcecode.c.objc; path = AKRSSFeed.m; sourceTree = "<group>"; };
		2789E31B16B67B6200CC02C4 /* JSON.h */ = {isa = PBXFileReference; fileEncoding = 4; lastKnownFileType = sourcecode.c.h; path = JSON.h; sourceTree = "<group>"; };
		2789E31C16B67B6200CC02C4 /* NSObject+SBJSON.h */ = {isa = PBXFileReference; fileEncoding = 4; lastKnownFileType = sourcecode.c.h; path = "NSObject+SBJSON.h"; sourceTree = "<group>"; };
		2789E31D16B67B6200CC02C4 /* NSObject+SBJSON.m */ = {isa = PBXFileReference; fileEncoding = 4; lastKnownFileType = sourcecode.c.objc; path = "NSObject+SBJSON.m"; sourceTree = "<group>"; };
		2789E31E16B67B6200CC02C4 /* NSString+SBJSON.h */ = {isa = PBXFileReference; fileEncoding = 4; lastKnownFileType = sourcecode.c.h; path = "NSString+SBJSON.h"; sourceTree = "<group>"; };
		2789E31F16B67B6200CC02C4 /* NSString+SBJSON.m */ = {isa = PBXFileReference; fileEncoding = 4; lastKnownFileType = sourcecode.c.objc; path = "NSString+SBJSON.m"; sourceTree = "<group>"; };
		2789E32016B67B6200CC02C4 /* SBJSON.h */ = {isa = PBXFileReference; fileEncoding = 4; lastKnownFileType = sourcecode.c.h; path = SBJSON.h; sourceTree = "<group>"; };
		2789E32116B67B6200CC02C4 /* SBJSON.m */ = {isa = PBXFileReference; fileEncoding = 4; lastKnownFileType = sourcecode.c.objc; path = SBJSON.m; sourceTree = "<group>"; };
		2789E32216B67B6200CC02C4 /* SBJsonBase.h */ = {isa = PBXFileReference; fileEncoding = 4; lastKnownFileType = sourcecode.c.h; path = SBJsonBase.h; sourceTree = "<group>"; };
		2789E32316B67B6200CC02C4 /* SBJsonBase.m */ = {isa = PBXFileReference; fileEncoding = 4; lastKnownFileType = sourcecode.c.objc; path = SBJsonBase.m; sourceTree = "<group>"; };
		2789E32416B67B6200CC02C4 /* SBJsonParser.h */ = {isa = PBXFileReference; fileEncoding = 4; lastKnownFileType = sourcecode.c.h; path = SBJsonParser.h; sourceTree = "<group>"; };
		2789E32516B67B6200CC02C4 /* SBJsonParser.m */ = {isa = PBXFileReference; fileEncoding = 4; lastKnownFileType = sourcecode.c.objc; path = SBJsonParser.m; sourceTree = "<group>"; };
		2789E32616B67B6200CC02C4 /* SBJsonWriter.h */ = {isa = PBXFileReference; fileEncoding = 4; lastKnownFileType = sourcecode.c.h; path = SBJsonWriter.h; sourceTree = "<group>"; };
		2789E32716B67B6200CC02C4 /* SBJsonWriter.m */ = {isa = PBXFileReference; fileEncoding = 4; lastKnownFileType = sourcecode.c.objc; path = SBJsonWriter.m; sourceTree = "<group>"; };
		2789E33016B67BCC00CC02C4 /* AKMoreViewController.h */ = {isa = PBXFileReference; fileEncoding = 4; lastKnownFileType = sourcecode.c.h; path = AKMoreViewController.h; sourceTree = "<group>"; };
		2789E33116B67BCC00CC02C4 /* AKMoreViewController.m */ = {isa = PBXFileReference; fileEncoding = 4; lastKnownFileType = sourcecode.c.objc; path = AKMoreViewController.m; sourceTree = "<group>"; };
		2789E33216B67BCC00CC02C4 /* AKRoundButton.h */ = {isa = PBXFileReference; fileEncoding = 4; lastKnownFileType = sourcecode.c.h; path = AKRoundButton.h; sourceTree = "<group>"; };
		2789E33316B67BCC00CC02C4 /* AKRoundButton.m */ = {isa = PBXFileReference; fileEncoding = 4; lastKnownFileType = sourcecode.c.objc; path = AKRoundButton.m; sourceTree = "<group>"; };
		2789E33416B67BCC00CC02C4 /* AKScrollerbleTextView.h */ = {isa = PBXFileReference; fileEncoding = 4; lastKnownFileType = sourcecode.c.h; path = AKScrollerbleTextView.h; sourceTree = "<group>"; };
		2789E33516B67BCD00CC02C4 /* AKScrollerbleTextView.m */ = {isa = PBXFileReference; fileEncoding = 4; lastKnownFileType = sourcecode.c.objc; path = AKScrollerbleTextView.m; sourceTree = "<group>"; };
		2789E33616B67BCD00CC02C4 /* AKTableViewController.h */ = {isa = PBXFileReference; fileEncoding = 4; lastKnownFileType = sourcecode.c.h; path = AKTableViewController.h; sourceTree = "<group>"; };
		2789E33716B67BCD00CC02C4 /* AKTableViewController.m */ = {isa = PBXFileReference; fileEncoding = 4; lastKnownFileType = sourcecode.c.objc; path = AKTableViewController.m; sourceTree = "<group>"; };
		2789E33816B67BCD00CC02C4 /* AKTextView.h */ = {isa = PBXFileReference; fileEncoding = 4; lastKnownFileType = sourcecode.c.h; path = AKTextView.h; sourceTree = "<group>"; };
		2789E33916B67BCE00CC02C4 /* AKTextView.m */ = {isa = PBXFileReference; fileEncoding = 4; lastKnownFileType = sourcecode.c.objc; path = AKTextView.m; sourceTree = "<group>"; };
		2789E33A16B67BCE00CC02C4 /* AKTheme.h */ = {isa = PBXFileReference; fileEncoding = 4; lastKnownFileType = sourcecode.c.h; path = AKTheme.h; sourceTree = "<group>"; };
		2789E33B16B67BCE00CC02C4 /* AKTheme.m */ = {isa = PBXFileReference; fileEncoding = 4; lastKnownFileType = sourcecode.c.objc; path = AKTheme.m; sourceTree = "<group>"; };
		2789E33C16B67BCE00CC02C4 /* AKViewController.h */ = {isa = PBXFileReference; fileEncoding = 4; lastKnownFileType = sourcecode.c.h; path = AKViewController.h; sourceTree = "<group>"; };
		2789E33D16B67BCF00CC02C4 /* AKViewController.m */ = {isa = PBXFileReference; fileEncoding = 4; lastKnownFileType = sourcecode.c.objc; path = AKViewController.m; sourceTree = "<group>"; };
		2789E33E16B67BCF00CC02C4 /* AKWebViewController.h */ = {isa = PBXFileReference; fileEncoding = 4; lastKnownFileType = sourcecode.c.h; path = AKWebViewController.h; sourceTree = "<group>"; };
		2789E33F16B67BD000CC02C4 /* AKWebViewController.m */ = {isa = PBXFileReference; fileEncoding = 4; lastKnownFileType = sourcecode.c.objc; path = AKWebViewController.m; sourceTree = "<group>"; };
		2789E34016B67BD000CC02C4 /* AKGridViewController.h */ = {isa = PBXFileReference; fileEncoding = 4; lastKnownFileType = sourcecode.c.h; path = AKGridViewController.h; sourceTree = "<group>"; };
		2789E34116B67BD000CC02C4 /* AKGridViewController.m */ = {isa = PBXFileReference; fileEncoding = 4; lastKnownFileType = sourcecode.c.objc; path = AKGridViewController.m; sourceTree = "<group>"; };
		2789E34216B67BD000CC02C4 /* AKSegmentedController.h */ = {isa = PBXFileReference; fileEncoding = 4; lastKnownFileType = sourcecode.c.h; path = AKSegmentedController.h; sourceTree = "<group>"; };
		2789E34316B67BD000CC02C4 /* AKSegmentedController.m */ = {isa = PBXFileReference; fileEncoding = 4; lastKnownFileType = sourcecode.c.objc; path = AKSegmentedController.m; sourceTree = "<group>"; };
		2789E34416B67BD000CC02C4 /* AKSegmentedButton.h */ = {isa = PBXFileReference; fileEncoding = 4; lastKnownFileType = sourcecode.c.h; path = AKSegmentedButton.h; sourceTree = "<group>"; };
		2789E34516B67BD100CC02C4 /* AKSegmentedButton.m */ = {isa = PBXFileReference; fileEncoding = 4; lastKnownFileType = sourcecode.c.objc; path = AKSegmentedButton.m; sourceTree = "<group>"; };
		2789E35C16B67FDA00CC02C4 /* AKGlobal.h */ = {isa = PBXFileReference; fileEncoding = 4; lastKnownFileType = sourcecode.c.h; path = AKGlobal.h; sourceTree = "<group>"; };
		2789E35D16B6801300CC02C4 /* AKAppConfig.h */ = {isa = PBXFileReference; fileEncoding = 4; lastKnownFileType = sourcecode.c.h; path = AKAppConfig.h; sourceTree = "<group>"; };
		2789E35E16B6801400CC02C4 /* AKAppConfig.m */ = {isa = PBXFileReference; fileEncoding = 4; lastKnownFileType = sourcecode.c.objc; path = AKAppConfig.m; sourceTree = "<group>"; };
		2789E35F16B6801500CC02C4 /* AKAppSandbox.h */ = {isa = PBXFileReference; fileEncoding = 4; lastKnownFileType = sourcecode.c.h; path = AKAppSandbox.h; sourceTree = "<group>"; };
		2789E36016B6801500CC02C4 /* AKAppSandbox.m */ = {isa = PBXFileReference; fileEncoding = 4; lastKnownFileType = sourcecode.c.objc; path = AKAppSandbox.m; sourceTree = "<group>"; };
		27E5A76716969723008CE289 /* libAkurana.a */ = {isa = PBXFileReference; explicitFileType = archive.ar; includeInIndex = 0; path = libAkurana.a; sourceTree = BUILT_PRODUCTS_DIR; };
		27E5A76A16969723008CE289 /* Foundation.framework */ = {isa = PBXFileReference; lastKnownFileType = wrapper.framework; name = Foundation.framework; path = System/Library/Frameworks/Foundation.framework; sourceTree = SDKROOT; };
		27E5A76E16969723008CE289 /* Akurana-Prefix.pch */ = {isa = PBXFileReference; lastKnownFileType = sourcecode.c.h; path = "Akurana-Prefix.pch"; sourceTree = "<group>"; };
		27E5A76F16969723008CE289 /* Akurana.h */ = {isa = PBXFileReference; lastKnownFileType = sourcecode.c.h; path = Akurana.h; sourceTree = "<group>"; };
		27E89AFC16C22E0700AA7315 /* AKResource.h */ = {isa = PBXFileReference; fileEncoding = 4; lastKnownFileType = sourcecode.c.h; path = AKResource.h; sourceTree = "<group>"; };
		27E89AFD16C22E0700AA7315 /* AKResource.m */ = {isa = PBXFileReference; fileEncoding = 4; lastKnownFileType = sourcecode.c.objc; path = AKResource.m; sourceTree = "<group>"; };
/* End PBXFileReference section */

/* Begin PBXFrameworksBuildPhase section */
		27E5A76416969723008CE289 /* Frameworks */ = {
			isa = PBXFrameworksBuildPhase;
			buildActionMask = 2147483647;
			files = (
				27E5A76B16969723008CE289 /* Foundation.framework in Frameworks */,
			);
			runOnlyForDeploymentPostprocessing = 0;
		};
/* End PBXFrameworksBuildPhase section */

/* Begin PBXGroup section */
		272B8CAC169ABBED00DBF54D /* Categories */ = {
			isa = PBXGroup;
			children = (
				272B8CC7169ABDBA00DBF54D /* NSObject+Akurana.h */,
				272B8CC8169ABDBA00DBF54D /* NSObject+Akurana.m */,
				272B8CCA169AC00100DBF54D /* NSString+Akurana.h */,
				272B8CCB169AC00100DBF54D /* NSString+Akurana.m */,
				272B8CCD169AC18600DBF54D /* UIColor+Akurana.h */,
				272B8CCE169AC18600DBF54D /* UIColor+Akurana.m */,
				272B8CD0169AC22300DBF54D /* UIImage+Akurana.h */,
				272B8CD1169AC22300DBF54D /* UIImage+Akurana.m */,
				272B8CD3169AC2BF00DBF54D /* UIImageView+Akurana.h */,
				272B8CD4169AC2BF00DBF54D /* UIImageView+Akurana.m */,
				272B8CD6169AC49E00DBF54D /* UINavigationController+Akurana.h */,
				272B8CD7169AC49E00DBF54D /* UINavigationController+Akurana.m */,
				272B8CD9169AC5B600DBF54D /* UIToolbar+Akurana.h */,
				272B8CDA169AC5B600DBF54D /* UIToolbar+Akurana.m */,
				27280363169AC6780014811B /* UIView+Akurana.h */,
				27280364169AC6780014811B /* UIView+Akurana.m */,
				27280367169AC6AB0014811B /* NSDate+Akurana.h */,
				27280368169AC6AB0014811B /* NSDate+Akurana.m */,
				2728036A169AC7240014811B /* UIButton+Akurana.h */,
				2728036B169AC7240014811B /* UIButton+Akurana.m */,
				2728036D169AC7A60014811B /* UIApplication+Akurana.h */,
				2728036E169AC7A60014811B /* UIApplication+Akurana.m */,
			);
			name = Categories;
			sourceTree = "<group>";
		};
		2789E2D216B674D600CC02C4 /* UI */ = {
			isa = PBXGroup;
			children = (
				2789E2D416B674FE00CC02C4 /* AKImageEntity.h */,
				2789E2D516B674FE00CC02C4 /* AKImageEntity.m */,
				2789E2D716B675FB00CC02C4 /* AKPageView.h */,
				2789E2D816B675FB00CC02C4 /* AKPageView.m */,
				2789E30616B6793700CC02C4 /* AKGridView.h */,
				2789E30716B6793700CC02C4 /* AKGridView.m */,
				2789E30A16B6798900CC02C4 /* AKImageView.h */,
				2789E30B16B6798900CC02C4 /* AKImageView.m */,
				2789E30D16B679D600CC02C4 /* AKMapAnnotation.h */,
				2789E30E16B679D600CC02C4 /* AKMapAnnotation.m */,
				2789E33016B67BCC00CC02C4 /* AKMoreViewController.h */,
				2789E33116B67BCC00CC02C4 /* AKMoreViewController.m */,
				2789E33216B67BCC00CC02C4 /* AKRoundButton.h */,
				2789E33316B67BCC00CC02C4 /* AKRoundButton.m */,
				2789E33416B67BCC00CC02C4 /* AKScrollerbleTextView.h */,
				2789E33516B67BCD00CC02C4 /* AKScrollerbleTextView.m */,
				2789E33616B67BCD00CC02C4 /* AKTableViewController.h */,
				2789E33716B67BCD00CC02C4 /* AKTableViewController.m */,
				2789E33816B67BCD00CC02C4 /* AKTextView.h */,
				2789E33916B67BCE00CC02C4 /* AKTextView.m */,
				2789E33A16B67BCE00CC02C4 /* AKTheme.h */,
				2789E33B16B67BCE00CC02C4 /* AKTheme.m */,
				2789E33C16B67BCE00CC02C4 /* AKViewController.h */,
				2789E33D16B67BCF00CC02C4 /* AKViewController.m */,
				2789E33E16B67BCF00CC02C4 /* AKWebViewController.h */,
				2789E33F16B67BD000CC02C4 /* AKWebViewController.m */,
				2789E34016B67BD000CC02C4 /* AKGridViewController.h */,
				2789E34116B67BD000CC02C4 /* AKGridViewController.m */,
				2789E34216B67BD000CC02C4 /* AKSegmentedController.h */,
				2789E34316B67BD000CC02C4 /* AKSegmentedController.m */,
				2789E34416B67BD000CC02C4 /* AKSegmentedButton.h */,
				2789E34516B67BD100CC02C4 /* AKSegmentedButton.m */,
				27E89AFC16C22E0700AA7315 /* AKResource.h */,
				27E89AFD16C22E0700AA7315 /* AKResource.m */,
			);
			name = UI;
			sourceTree = "<group>";
		};
		2789E31216B67A5900CC02C4 /* Web */ = {
			isa = PBXGroup;
			children = (
				2789E31316B67AFF00CC02C4 /* AKHTTPService.h */,
				2789E31416B67AFF00CC02C4 /* AKHTTPService.m */,
				2789E31516B67AFF00CC02C4 /* AKRSSFeed.h */,
				2789E31616B67AFF00CC02C4 /* AKRSSFeed.m */,
			);
			name = Web;
			sourceTree = "<group>";
		};
		2789E31916B67B6200CC02C4 /* Lib */ = {
			isa = PBXGroup;
			children = (
				2789E31A16B67B6200CC02C4 /* JSON */,
			);
			path = Lib;
			sourceTree = "<group>";
		};
		2789E31A16B67B6200CC02C4 /* JSON */ = {
			isa = PBXGroup;
			children = (
				2789E31B16B67B6200CC02C4 /* JSON.h */,
				2789E31C16B67B6200CC02C4 /* NSObject+SBJSON.h */,
				2789E31D16B67B6200CC02C4 /* NSObject+SBJSON.m */,
				2789E31E16B67B6200CC02C4 /* NSString+SBJSON.h */,
				2789E31F16B67B6200CC02C4 /* NSString+SBJSON.m */,
				2789E32016B67B6200CC02C4 /* SBJSON.h */,
				2789E32116B67B6200CC02C4 /* SBJSON.m */,
				2789E32216B67B6200CC02C4 /* SBJsonBase.h */,
				2789E32316B67B6200CC02C4 /* SBJsonBase.m */,
				2789E32416B67B6200CC02C4 /* SBJsonParser.h */,
				2789E32516B67B6200CC02C4 /* SBJsonParser.m */,
				2789E32616B67B6200CC02C4 /* SBJsonWriter.h */,
				2789E32716B67B6200CC02C4 /* SBJsonWriter.m */,
			);
			path = JSON;
			sourceTree = "<group>";
		};
		27E5A75C16969723008CE289 = {
			isa = PBXGroup;
			children = (
				2789E31916B67B6200CC02C4 /* Lib */,
				27E5A76C16969723008CE289 /* Akurana */,
				27E5A76916969723008CE289 /* Frameworks */,
				27E5A76816969723008CE289 /* Products */,
			);
			sourceTree = "<group>";
		};
		27E5A76816969723008CE289 /* Products */ = {
			isa = PBXGroup;
			children = (
				27E5A76716969723008CE289 /* libAkurana.a */,
			);
			name = Products;
			sourceTree = "<group>";
		};
		27E5A76916969723008CE289 /* Frameworks */ = {
			isa = PBXGroup;
			children = (
				27E5A76A16969723008CE289 /* Foundation.framework */,
			);
			name = Frameworks;
			sourceTree = "<group>";
		};
		27E5A76C16969723008CE289 /* Akurana */ = {
			isa = PBXGroup;
			children = (
				27E5A76F16969723008CE289 /* Akurana.h */,
				2789E35C16B67FDA00CC02C4 /* AKGlobal.h */,
				2789E35D16B6801300CC02C4 /* AKAppConfig.h */,
				2789E35E16B6801400CC02C4 /* AKAppConfig.m */,
				2789E35F16B6801500CC02C4 /* AKAppSandbox.h */,
				2789E36016B6801500CC02C4 /* AKAppSandbox.m */,
				2789E31216B67A5900CC02C4 /* Web */,
				2789E2D216B674D600CC02C4 /* UI */,
				272B8CAC169ABBED00DBF54D /* Categories */,
				27E5A76D16969723008CE289 /* Supporting Files */,
			);
			path = Akurana;
			sourceTree = "<group>";
		};
		27E5A76D16969723008CE289 /* Supporting Files */ = {
			isa = PBXGroup;
			children = (
				27E5A76E16969723008CE289 /* Akurana-Prefix.pch */,
			);
			name = "Supporting Files";
			sourceTree = "<group>";
		};
/* End PBXGroup section */

/* Begin PBXNativeTarget section */
		27E5A76616969723008CE289 /* Akurana */ = {
			isa = PBXNativeTarget;
			buildConfigurationList = 27E5A77516969723008CE289 /* Build configuration list for PBXNativeTarget "Akurana" */;
			buildPhases = (
				27E5A76316969723008CE289 /* Sources */,
				27E5A76416969723008CE289 /* Frameworks */,
				27E5A76516969723008CE289 /* CopyFiles */,
			);
			buildRules = (
			);
			dependencies = (
			);
			name = Akurana;
			productName = Akurana;
			productReference = 27E5A76716969723008CE289 /* libAkurana.a */;
			productType = "com.apple.product-type.library.static";
		};
/* End PBXNativeTarget section */

/* Begin PBXProject section */
		27E5A75E16969723008CE289 /* Project object */ = {
			isa = PBXProject;
			attributes = {
				LastUpgradeCheck = 0450;
				ORGANIZATIONNAME = "Shafraz Buhary";
			};
			buildConfigurationList = 27E5A76116969723008CE289 /* Build configuration list for PBXProject "Akurana" */;
			compatibilityVersion = "Xcode 3.2";
			developmentRegion = English;
			hasScannedForEncodings = 0;
			knownRegions = (
				en,
			);
			mainGroup = 27E5A75C16969723008CE289;
			productRefGroup = 27E5A76816969723008CE289 /* Products */;
			projectDirPath = "";
			projectRoot = "";
			targets = (
				27E5A76616969723008CE289 /* Akurana */,
			);
		};
/* End PBXProject section */

/* Begin PBXSourcesBuildPhase section */
		27E5A76316969723008CE289 /* Sources */ = {
			isa = PBXSourcesBuildPhase;
			buildActionMask = 2147483647;
			files = (
				272B8CC9169ABDBA00DBF54D /* NSObject+Akurana.m in Sources */,
				272B8CCC169AC00100DBF54D /* NSString+Akurana.m in Sources */,
				272B8CCF169AC18600DBF54D /* UIColor+Akurana.m in Sources */,
				272B8CD2169AC22300DBF54D /* UIImage+Akurana.m in Sources */,
				272B8CD5169AC2C000DBF54D /* UIImageView+Akurana.m in Sources */,
				272B8CD8169AC49E00DBF54D /* UINavigationController+Akurana.m in Sources */,
				272B8CDB169AC5B600DBF54D /* UIToolbar+Akurana.m in Sources */,
				27280365169AC6780014811B /* UIView+Akurana.m in Sources */,
				27280369169AC6AB0014811B /* NSDate+Akurana.m in Sources */,
				2728036C169AC7240014811B /* UIButton+Akurana.m in Sources */,
				2728036F169AC7A60014811B /* UIApplication+Akurana.m in Sources */,
				2789E2D616B674FE00CC02C4 /* AKImageEntity.m in Sources */,
				2789E2F516B675FB00CC02C4 /* AKPageView.m in Sources */,
				2789E30816B6793700CC02C4 /* AKGridView.m in Sources */,
				2789E30C16B6798900CC02C4 /* AKImageView.m in Sources */,
				2789E30F16B679D600CC02C4 /* AKMapAnnotation.m in Sources */,
				2789E31716B67AFF00CC02C4 /* AKHTTPService.m in Sources */,
				2789E31816B67AFF00CC02C4 /* AKRSSFeed.m in Sources */,
				2789E32816B67B6200CC02C4 /* NSObject+SBJSON.m in Sources */,
				2789E32916B67B6200CC02C4 /* NSString+SBJSON.m in Sources */,
				2789E32A16B67B6200CC02C4 /* SBJSON.m in Sources */,
				2789E32B16B67B6200CC02C4 /* SBJsonBase.m in Sources */,
				2789E32C16B67B6200CC02C4 /* SBJsonParser.m in Sources */,
				2789E32D16B67B6200CC02C4 /* SBJsonWriter.m in Sources */,
				2789E34616B67BD100CC02C4 /* AKMoreViewController.m in Sources */,
				2789E34716B67BD100CC02C4 /* AKRoundButton.m in Sources */,
				2789E34816B67BD100CC02C4 /* AKScrollerbleTextView.m in Sources */,
				2789E34916B67BD100CC02C4 /* AKTableViewController.m in Sources */,
				2789E34A16B67BD100CC02C4 /* AKTextView.m in Sources */,
				2789E34B16B67BD100CC02C4 /* AKTheme.m in Sources */,
				2789E34C16B67BD100CC02C4 /* AKViewController.m in Sources */,
				2789E34D16B67BD100CC02C4 /* AKWebViewController.m in Sources */,
				2789E34E16B67BD100CC02C4 /* AKGridViewController.m in Sources */,
				2789E34F16B67BD100CC02C4 /* AKSegmentedController.m in Sources */,
				2789E35016B67BD100CC02C4 /* AKSegmentedButton.m in Sources */,
				2789E36116B6801600CC02C4 /* AKAppConfig.m in Sources */,
				2789E36216B6801600CC02C4 /* AKAppSandbox.m in Sources */,
				27E89AFE16C22E0700AA7315 /* AKResource.m in Sources */,
			);
			runOnlyForDeploymentPostprocessing = 0;
		};
/* End PBXSourcesBuildPhase section */

/* Begin XCBuildConfiguration section */
		27E5A77316969723008CE289 /* Debug */ = {
			isa = XCBuildConfiguration;
			buildSettings = {
				ALWAYS_SEARCH_USER_PATHS = NO;
				CLANG_CXX_LANGUAGE_STANDARD = "gnu++0x";
				CLANG_CXX_LIBRARY = "libc++";
				CLANG_ENABLE_OBJC_ARC = YES;
				CLANG_WARN_EMPTY_BODY = YES;
				CLANG_WARN__DUPLICATE_METHOD_MATCH = YES;
				COPY_PHASE_STRIP = NO;
				GCC_C_LANGUAGE_STANDARD = gnu99;
				GCC_DYNAMIC_NO_PIC = NO;
				GCC_OPTIMIZATION_LEVEL = 0;
				GCC_PREPROCESSOR_DEFINITIONS = (
					"DEBUG=1",
					"$(inherited)",
				);
				GCC_SYMBOLS_PRIVATE_EXTERN = NO;
				GCC_WARN_ABOUT_RETURN_TYPE = YES;
				GCC_WARN_UNINITIALIZED_AUTOS = YES;
				GCC_WARN_UNUSED_VARIABLE = YES;
				IPHONEOS_DEPLOYMENT_TARGET = 4.3;
				ONLY_ACTIVE_ARCH = YES;
				SDKROOT = iphoneos;
				TARGETED_DEVICE_FAMILY = "1,2";
			};
			name = Debug;
		};
		27E5A77416969723008CE289 /* Release */ = {
			isa = XCBuildConfiguration;
			buildSettings = {
				ALWAYS_SEARCH_USER_PATHS = NO;
				CLANG_CXX_LANGUAGE_STANDARD = "gnu++0x";
				CLANG_CXX_LIBRARY = "libc++";
				CLANG_ENABLE_OBJC_ARC = YES;
				CLANG_WARN_EMPTY_BODY = YES;
				CLANG_WARN__DUPLICATE_METHOD_MATCH = YES;
				COPY_PHASE_STRIP = YES;
				GCC_C_LANGUAGE_STANDARD = gnu99;
				GCC_WARN_ABOUT_RETURN_TYPE = YES;
				GCC_WARN_UNINITIALIZED_AUTOS = YES;
				GCC_WARN_UNUSED_VARIABLE = YES;
				IPHONEOS_DEPLOYMENT_TARGET = 4.3;
				SDKROOT = iphoneos;
				TARGETED_DEVICE_FAMILY = "1,2";
				VALIDATE_PRODUCT = YES;
			};
			name = Release;
		};
		27E5A77616969723008CE289 /* Debug */ = {
			isa = XCBuildConfiguration;
			buildSettings = {
				DSTROOT = /tmp/Akurana.dst;
				GCC_PRECOMPILE_PREFIX_HEADER = YES;
				GCC_PREFIX_HEADER = "Akurana/Akurana-Prefix.pch";
				IPHONEOS_DEPLOYMENT_TARGET = 5.0;
				OTHER_LDFLAGS = "-ObjC";
				PRODUCT_NAME = "$(TARGET_NAME)";
				PUBLIC_HEADERS_FOLDER_PATH = "include/$(TARGET_NAME)";
				SKIP_INSTALL = YES;
			};
			name = Debug;
		};
		27E5A77716969723008CE289 /* Release */ = {
			isa = XCBuildConfiguration;
			buildSettings = {
				DSTROOT = /tmp/Akurana.dst;
				GCC_PRECOMPILE_PREFIX_HEADER = YES;
				GCC_PREFIX_HEADER = "Akurana/Akurana-Prefix.pch";
				IPHONEOS_DEPLOYMENT_TARGET = 5.0;
				OTHER_LDFLAGS = "-ObjC";
				PRODUCT_NAME = "$(TARGET_NAME)";
				PUBLIC_HEADERS_FOLDER_PATH = "include/$(TARGET_NAME)";
				SKIP_INSTALL = YES;
			};
			name = Release;
		};
/* End XCBuildConfiguration section */

/* Begin XCConfigurationList section */
		27E5A76116969723008CE289 /* Build configuration list for PBXProject "Akurana" */ = {
			isa = XCConfigurationList;
			buildConfigurations = (
				27E5A77316969723008CE289 /* Debug */,
				27E5A77416969723008CE289 /* Release */,
			);
			defaultConfigurationIsVisible = 0;
			defaultConfigurationName = Release;
		};
		27E5A77516969723008CE289 /* Build configuration list for PBXNativeTarget "Akurana" */ = {
			isa = XCConfigurationList;
			buildConfigurations = (
				27E5A77616969723008CE289 /* Debug */,
				27E5A77716969723008CE289 /* Release */,
			);
			defaultConfigurationIsVisible = 0;
			defaultConfigurationName = Release;
		};
/* End XCConfigurationList section */
	};
	rootObject = 27E5A75E16969723008CE289 /* Project object */;
}
